// !$*UTF8*$!
{
	archiveVersion = 1;
	classes = {
	};
	objectVersion = 55;
	objects = {

/* Begin PBXBuildFile section */
		19C9519E291B6DDA006FF21C /* AppDelegate.swift in Sources */ = {isa = PBXBuildFile; fileRef = 19C9519D291B6DDA006FF21C /* AppDelegate.swift */; };
		19C951A0291B6DDA006FF21C /* SceneDelegate.swift in Sources */ = {isa = PBXBuildFile; fileRef = 19C9519F291B6DDA006FF21C /* SceneDelegate.swift */; };
		19C951A2291B6DDA006FF21C /* ViewController.swift in Sources */ = {isa = PBXBuildFile; fileRef = 19C951A1291B6DDA006FF21C /* ViewController.swift */; };
		19C951A5291B6DDA006FF21C /* Main.storyboard in Resources */ = {isa = PBXBuildFile; fileRef = 19C951A3291B6DDA006FF21C /* Main.storyboard */; };
		19C951A7291B6DDC006FF21C /* Assets.xcassets in Resources */ = {isa = PBXBuildFile; fileRef = 19C951A6291B6DDC006FF21C /* Assets.xcassets */; };
		19C951AA291B6DDC006FF21C /* LaunchScreen.storyboard in Resources */ = {isa = PBXBuildFile; fileRef = 19C951A8291B6DDC006FF21C /* LaunchScreen.storyboard */; };
		19C951B8291E54BC006FF21C /* note3.wav in Resources */ = {isa = PBXBuildFile; fileRef = 19C951B1291E54BC006FF21C /* note3.wav */; };
		19C951B9291E54BC006FF21C /* note7.wav in Resources */ = {isa = PBXBuildFile; fileRef = 19C951B2291E54BC006FF21C /* note7.wav */; };
		19C951BA291E54BC006FF21C /* note6.wav in Resources */ = {isa = PBXBuildFile; fileRef = 19C951B3291E54BC006FF21C /* note6.wav */; };
		19C951BB291E54BC006FF21C /* note2.wav in Resources */ = {isa = PBXBuildFile; fileRef = 19C951B4291E54BC006FF21C /* note2.wav */; };
		19C951BC291E54BC006FF21C /* note1.wav in Resources */ = {isa = PBXBuildFile; fileRef = 19C951B5291E54BC006FF21C /* note1.wav */; };
		19C951BD291E54BC006FF21C /* note5.wav in Resources */ = {isa = PBXBuildFile; fileRef = 19C951B6291E54BC006FF21C /* note5.wav */; };
		19C951BE291E54BC006FF21C /* note4.wav in Resources */ = {isa = PBXBuildFile; fileRef = 19C951B7291E54BC006FF21C /* note4.wav */; };
/* End PBXBuildFile section */

/* Begin PBXFileReference section */
		19C9519A291B6DDA006FF21C /* Xylaphone.app */ = {isa = PBXFileReference; explicitFileType = wrapper.application; includeInIndex = 0; path = Xylaphone.app; sourceTree = BUILT_PRODUCTS_DIR; };
		19C9519D291B6DDA006FF21C /* AppDelegate.swift */ = {isa = PBXFileReference; lastKnownFileType = sourcecode.swift; path = AppDelegate.swift; sourceTree = "<group>"; };
		19C9519F291B6DDA006FF21C /* SceneDelegate.swift */ = {isa = PBXFileReference; lastKnownFileType = sourcecode.swift; path = SceneDelegate.swift; sourceTree = "<group>"; };
		19C951A1291B6DDA006FF21C /* ViewController.swift */ = {isa = PBXFileReference; lastKnownFileType = sourcecode.swift; path = ViewController.swift; sourceTree = "<group>"; };
		19C951A4291B6DDA006FF21C /* Base */ = {isa = PBXFileReference; lastKnownFileType = file.storyboard; name = Base; path = Base.lproj/Main.storyboard; sourceTree = "<group>"; };
		19C951A6291B6DDC006FF21C /* Assets.xcassets */ = {isa = PBXFileReference; lastKnownFileType = folder.assetcatalog; path = Assets.xcassets; sourceTree = "<group>"; };
		19C951A9291B6DDC006FF21C /* Base */ = {isa = PBXFileReference; lastKnownFileType = file.storyboard; name = Base; path = Base.lproj/LaunchScreen.storyboard; sourceTree = "<group>"; };
		19C951AB291B6DDC006FF21C /* Info.plist */ = {isa = PBXFileReference; lastKnownFileType = text.plist.xml; path = Info.plist; sourceTree = "<group>"; };
		19C951B1291E54BC006FF21C /* note3.wav */ = {isa = PBXFileReference; lastKnownFileType = audio.wav; path = note3.wav; sourceTree = "<group>"; };
		19C951B2291E54BC006FF21C /* note7.wav */ = {isa = PBXFileReference; lastKnownFileType = audio.wav; path = note7.wav; sourceTree = "<group>"; };
		19C951B3291E54BC006FF21C /* note6.wav */ = {isa = PBXFileReference; lastKnownFileType = audio.wav; path = note6.wav; sourceTree = "<group>"; };
		19C951B4291E54BC006FF21C /* note2.wav */ = {isa = PBXFileReference; lastKnownFileType = audio.wav; path = note2.wav; sourceTree = "<group>"; };
		19C951B5291E54BC006FF21C /* note1.wav */ = {isa = PBXFileReference; lastKnownFileType = audio.wav; path = note1.wav; sourceTree = "<group>"; };
		19C951B6291E54BC006FF21C /* note5.wav */ = {isa = PBXFileReference; lastKnownFileType = audio.wav; path = note5.wav; sourceTree = "<group>"; };
		19C951B7291E54BC006FF21C /* note4.wav */ = {isa = PBXFileReference; lastKnownFileType = audio.wav; path = note4.wav; sourceTree = "<group>"; };
/* End PBXFileReference section */

/* Begin PBXFrameworksBuildPhase section */
		19C95197291B6DDA006FF21C /* Frameworks */ = {
			isa = PBXFrameworksBuildPhase;
			buildActionMask = 2147483647;
			files = (
			);
			runOnlyForDeploymentPostprocessing = 0;
		};
/* End PBXFrameworksBuildPhase section */

/* Begin PBXGroup section */
		19C95191291B6DDA006FF21C = {
			isa = PBXGroup;
			children = (
				19C9519C291B6DDA006FF21C /* Xylaphone */,
				19C9519B291B6DDA006FF21C /* Products */,
			);
			sourceTree = "<group>";
		};
		19C9519B291B6DDA006FF21C /* Products */ = {
			isa = PBXGroup;
			children = (
				19C9519A291B6DDA006FF21C /* Xylaphone.app */,
			);
			name = Products;
			sourceTree = "<group>";
		};
		19C9519C291B6DDA006FF21C /* Xylaphone */ = {
			isa = PBXGroup;
			children = (
				19C9519D291B6DDA006FF21C /* AppDelegate.swift */,
				19C9519F291B6DDA006FF21C /* SceneDelegate.swift */,
				19C951A1291B6DDA006FF21C /* ViewController.swift */,
				19C951A3291B6DDA006FF21C /* Main.storyboard */,
				19C951A6291B6DDC006FF21C /* Assets.xcassets */,
				19C951A8291B6DDC006FF21C /* LaunchScreen.storyboard */,
				19C951B5291E54BC006FF21C /* note1.wav */,
				19C951B4291E54BC006FF21C /* note2.wav */,
				19C951B1291E54BC006FF21C /* note3.wav */,
				19C951B7291E54BC006FF21C /* note4.wav */,
				19C951B6291E54BC006FF21C /* note5.wav */,
				19C951B3291E54BC006FF21C /* note6.wav */,
				19C951B2291E54BC006FF21C /* note7.wav */,
				19C951AB291B6DDC006FF21C /* Info.plist */,
			);
			path = Xylaphone;
			sourceTree = "<group>";
		};
/* End PBXGroup section */

/* Begin PBXNativeTarget section */
		19C95199291B6DDA006FF21C /* Xylaphone */ = {
			isa = PBXNativeTarget;
			buildConfigurationList = 19C951AE291B6DDC006FF21C /* Build configuration list for PBXNativeTarget "Xylaphone" */;
			buildPhases = (
				19C95196291B6DDA006FF21C /* Sources */,
				19C95197291B6DDA006FF21C /* Frameworks */,
				19C95198291B6DDA006FF21C /* Resources */,
			);
			buildRules = (
			);
			dependencies = (
			);
			name = Xylaphone;
			productName = Xylaphone;
			productReference = 19C9519A291B6DDA006FF21C /* Xylaphone.app */;
			productType = "com.apple.product-type.application";
		};
/* End PBXNativeTarget section */

/* Begin PBXProject section */
		19C95192291B6DDA006FF21C /* Project object */ = {
			isa = PBXProject;
			attributes = {
				BuildIndependentTargetsInParallel = 1;
				LastSwiftUpdateCheck = 1340;
				LastUpgradeCheck = 1340;
				TargetAttributes = {
					19C95199291B6DDA006FF21C = {
						CreatedOnToolsVersion = 13.4.1;
					};
				};
			};
			buildConfigurationList = 19C95195291B6DDA006FF21C /* Build configuration list for PBXProject "Xylaphone" */;
			compatibilityVersion = "Xcode 13.0";
			developmentRegion = en;
			hasScannedForEncodings = 0;
			knownRegions = (
				en,
				Base,
			);
			mainGroup = 19C95191291B6DDA006FF21C;
			productRefGroup = 19C9519B291B6DDA006FF21C /* Products */;
			projectDirPath = "";
			projectRoot = "";
			targets = (
				19C95199291B6DDA006FF21C /* Xylaphone */,
			);
		};
/* End PBXProject section */

/* Begin PBXResourcesBuildPhase section */
		19C95198291B6DDA006FF21C /* Resources */ = {
			isa = PBXResourcesBuildPhase;
			buildActionMask = 2147483647;
			files = (
				19C951BD291E54BC006FF21C /* note5.wav in Resources */,
				19C951AA291B6DDC006FF21C /* LaunchScreen.storyboard in Resources */,
				19C951BB291E54BC006FF21C /* note2.wav in Resources */,
				19C951B9291E54BC006FF21C /* note7.wav in Resources */,
				19C951A7291B6DDC006FF21C /* Assets.xcassets in Resources */,
				19C951BC291E54BC006FF21C /* note1.wav in Resources */,
				19C951BA291E54BC006FF21C /* note6.wav in Resources */,
				19C951BE291E54BC006FF21C /* note4.wav in Resources */,
				19C951B8291E54BC006FF21C /* note3.wav in Resources */,
				19C951A5291B6DDA006FF21C /* Main.storyboard in Resources */,
			);
			runOnlyForDeploymentPostprocessing = 0;
		};
/* End PBXResourcesBuildPhase section */

/* Begin PBXSourcesBuildPhase section */
		19C95196291B6DDA006FF21C /* Sources */ = {
			isa = PBXSourcesBuildPhase;
			buildActionMask = 2147483647;
			files = (
				19C951A2291B6DDA006FF21C /* ViewController.swift in Sources */,
				19C9519E291B6DDA006FF21C /* AppDelegate.swift in Sources */,
				19C951A0291B6DDA006FF21C /* SceneDelegate.swift in Sources */,
			);
			runOnlyForDeploymentPostprocessing = 0;
		};
/* End PBXSourcesBuildPhase section */

/* Begin PBXVariantGroup section */
		19C951A3291B6DDA006FF21C /* Main.storyboard */ = {
			isa = PBXVariantGroup;
			children = (
				19C951A4291B6DDA006FF21C /* Base */,
			);
			name = Main.storyboard;
			sourceTree = "<group>";
		};
		19C951A8291B6DDC006FF21C /* LaunchScreen.storyboard */ = {
			isa = PBXVariantGroup;
			children = (
				19C951A9291B6DDC006FF21C /* Base */,
			);
			name = LaunchScreen.storyboard;
			sourceTree = "<group>";
		};
/* End PBXVariantGroup section */

/* Begin XCBuildConfiguration section */
		19C951AC291B6DDC006FF21C /* Debug */ = {
			isa = XCBuildConfiguration;
			buildSettings = {
				ALWAYS_SEARCH_USER_PATHS = NO;
				CLANG_ANALYZER_NONNULL = YES;
				CLANG_ANALYZER_NUMBER_OBJECT_CONVERSION = YES_AGGRESSIVE;
				CLANG_CXX_LANGUAGE_STANDARD = "gnu++17";
				CLANG_ENABLE_MODULES = YES;
				CLANG_ENABLE_OBJC_ARC = YES;
				CLANG_ENABLE_OBJC_WEAK = YES;
				CLANG_WARN_BLOCK_CAPTURE_AUTORELEASING = YES;
				CLANG_WARN_BOOL_CONVERSION = YES;
				CLANG_WARN_COMMA = YES;
				CLANG_WARN_CONSTANT_CONVERSION = YES;
				CLANG_WARN_DEPRECATED_OBJC_IMPLEMENTATIONS = YES;
				CLANG_WARN_DIRECT_OBJC_ISA_USAGE = YES_ERROR;
				CLANG_WARN_DOCUMENTATION_COMMENTS = YES;
				CLANG_WARN_EMPTY_BODY = YES;
				CLANG_WARN_ENUM_CONVERSION = YES;
				CLANG_WARN_INFINITE_RECURSION = YES;
				CLANG_WARN_INT_CONVERSION = YES;
				CLANG_WARN_NON_LITERAL_NULL_CONVERSION = YES;
				CLANG_WARN_OBJC_IMPLICIT_RETAIN_SELF = YES;
				CLANG_WARN_OBJC_LITERAL_CONVERSION = YES;
				CLANG_WARN_OBJC_ROOT_CLASS = YES_ERROR;
				CLANG_WARN_QUOTED_INCLUDE_IN_FRAMEWORK_HEADER = YES;
				CLANG_WARN_RANGE_LOOP_ANALYSIS = YES;
				CLANG_WARN_STRICT_PROTOTYPES = YES;
				CLANG_WARN_SUSPICIOUS_MOVE = YES;
				CLANG_WARN_UNGUARDED_AVAILABILITY = YES_AGGRESSIVE;
				CLANG_WARN_UNREACHABLE_CODE = YES;
				CLANG_WARN__DUPLICATE_METHOD_MATCH = YES;
				COPY_PHASE_STRIP = NO;
				DEBUG_INFORMATION_FORMAT = dwarf;
				ENABLE_STRICT_OBJC_MSGSEND = YES;
				ENABLE_TESTABILITY = YES;
				GCC_C_LANGUAGE_STANDARD = gnu11;
				GCC_DYNAMIC_NO_PIC = NO;
				GCC_NO_COMMON_BLOCKS = YES;
				GCC_OPTIMIZATION_LEVEL = 0;
				GCC_PREPROCESSOR_DEFINITIONS = (
					"DEBUG=1",
					"$(inherited)",
				);
				GCC_WARN_64_TO_32_BIT_CONVERSION = YES;
				GCC_WARN_ABOUT_RETURN_TYPE = YES_ERROR;
				GCC_WARN_UNDECLARED_SELECTOR = YES;
				GCC_WARN_UNINITIALIZED_AUTOS = YES_AGGRESSIVE;
				GCC_WARN_UNUSED_FUNCTION = YES;
				GCC_WARN_UNUSED_VARIABLE = YES;
				IPHONEOS_DEPLOYMENT_TARGET = 15.5;
				MTL_ENABLE_DEBUG_INFO = INCLUDE_SOURCE;
				MTL_FAST_MATH = YES;
				ONLY_ACTIVE_ARCH = YES;
				SDKROOT = iphoneos;
				SWIFT_ACTIVE_COMPILATION_CONDITIONS = DEBUG;
				SWIFT_OPTIMIZATION_LEVEL = "-Onone";
			};
			name = Debug;
		};
		19C951AD291B6DDC006FF21C /* Release */ = {
			isa = XCBuildConfiguration;
			buildSettings = {
				ALWAYS_SEARCH_USER_PATHS = NO;
				CLANG_ANALYZER_NONNULL = YES;
				CLANG_ANALYZER_NUMBER_OBJECT_CONVERSION = YES_AGGRESSIVE;
				CLANG_CXX_LANGUAGE_STANDARD = "gnu++17";
				CLANG_ENABLE_MODULES = YES;
				CLANG_ENABLE_OBJC_ARC = YES;
				CLANG_ENABLE_OBJC_WEAK = YES;
				CLANG_WARN_BLOCK_CAPTURE_AUTORELEASING = YES;
				CLANG_WARN_BOOL_CONVERSION = YES;
				CLANG_WARN_COMMA = YES;
				CLANG_WARN_CONSTANT_CONVERSION = YES;
				CLANG_WARN_DEPRECATED_OBJC_IMPLEMENTATIONS = YES;
				CLANG_WARN_DIRECT_OBJC_ISA_USAGE = YES_ERROR;
				CLANG_WARN_DOCUMENTATION_COMMENTS = YES;
				CLANG_WARN_EMPTY_BODY = YES;
				CLANG_WARN_ENUM_CONVERSION = YES;
				CLANG_WARN_INFINITE_RECURSION = YES;
				CLANG_WARN_INT_CONVERSION = YES;
				CLANG_WARN_NON_LITERAL_NULL_CONVERSION = YES;
				CLANG_WARN_OBJC_IMPLICIT_RETAIN_SELF = YES;
				CLANG_WARN_OBJC_LITERAL_CONVERSION = YES;
				CLANG_WARN_OBJC_ROOT_CLASS = YES_ERROR;
				CLANG_WARN_QUOTED_INCLUDE_IN_FRAMEWORK_HEADER = YES;
				CLANG_WARN_RANGE_LOOP_ANALYSIS = YES;
				CLANG_WARN_STRICT_PROTOTYPES = YES;
				CLANG_WARN_SUSPICIOUS_MOVE = YES;
				CLANG_WARN_UNGUARDED_AVAILABILITY = YES_AGGRESSIVE;
				CLANG_WARN_UNREACHABLE_CODE = YES;
				CLANG_WARN__DUPLICATE_METHOD_MATCH = YES;
				COPY_PHASE_STRIP = NO;
				DEBUG_INFORMATION_FORMAT = "dwarf-with-dsym";
				ENABLE_NS_ASSERTIONS = NO;
				ENABLE_STRICT_OBJC_MSGSEND = YES;
				GCC_C_LANGUAGE_STANDARD = gnu11;
				GCC_NO_COMMON_BLOCKS = YES;
				GCC_WARN_64_TO_32_BIT_CONVERSION = YES;
				GCC_WARN_ABOUT_RETURN_TYPE = YES_ERROR;
				GCC_WARN_UNDECLARED_SELECTOR = YES;
				GCC_WARN_UNINITIALIZED_AUTOS = YES_AGGRESSIVE;
				GCC_WARN_UNUSED_FUNCTION = YES;
				GCC_WARN_UNUSED_VARIABLE = YES;
				IPHONEOS_DEPLOYMENT_TARGET = 15.5;
				MTL_ENABLE_DEBUG_INFO = NO;
				MTL_FAST_MATH = YES;
				SDKROOT = iphoneos;
				SWIFT_COMPILATION_MODE = wholemodule;
				SWIFT_OPTIMIZATION_LEVEL = "-O";
				VALIDATE_PRODUCT = YES;
			};
			name = Release;
		};
		19C951AF291B6DDC006FF21C /* Debug */ = {
			isa = XCBuildConfiguration;
			buildSettings = {
				ASSETCATALOG_COMPILER_APPICON_NAME = AppIcon;
				ASSETCATALOG_COMPILER_GLOBAL_ACCENT_COLOR_NAME = AccentColor;
				CODE_SIGN_STYLE = Automatic;
				CURRENT_PROJECT_VERSION = 1;
				GENERATE_INFOPLIST_FILE = YES;
				INFOPLIST_FILE = Xylaphone/Info.plist;
				INFOPLIST_KEY_UIApplicationSupportsIndirectInputEvents = YES;
				INFOPLIST_KEY_UILaunchStoryboardName = LaunchScreen;
				INFOPLIST_KEY_UIMainStoryboardFile = Main;
				INFOPLIST_KEY_UISupportedInterfaceOrientations_iPad = "UIInterfaceOrientationPortrait UIInterfaceOrientationPortraitUpsideDown UIInterfaceOrientationLandscapeLeft UIInterfaceOrientationLandscapeRight";
				INFOPLIST_KEY_UISupportedInterfaceOrientations_iPhone = "UIInterfaceOrientationPortrait UIInterfaceOrientationLandscapeLeft UIInterfaceOrientationLandscapeRight";
				LD_RUNPATH_SEARCH_PATHS = (
					"$(inherited)",
					"@executable_path/Frameworks",
				);
				MARKETING_VERSION = 1.0;
				PRODUCT_BUNDLE_IDENTIFIER = Aiswarya.Xylaphone;
				PRODUCT_NAME = "$(TARGET_NAME)";
				SWIFT_EMIT_LOC_STRINGS = YES;
				SWIFT_VERSION = 5.0;
				TARGETED_DEVICE_FAMILY = "1,2";
			};
			name = Debug;
		};
		19C951B0291B6DDC006FF21C /* Release */ = {
			isa = XCBuildConfiguration;
			buildSettings = {
				ASSETCATALOG_COMPILER_APPICON_NAME = AppIcon;
				ASSETCATALOG_COMPILER_GLOBAL_ACCENT_COLOR_NAME = AccentColor;
				CODE_SIGN_STYLE = Automatic;
				CURRENT_PROJECT_VERSION = 1;
				GENERATE_INFOPLIST_FILE = YES;
				INFOPLIST_FILE = Xylaphone/Info.plist;
				INFOPLIST_KEY_UIApplicationSupportsIndirectInputEvents = YES;
				INFOPLIST_KEY_UILaunchStoryboardName = LaunchScreen;
				INFOPLIST_KEY_UIMainStoryboardFile = Main;
				INFOPLIST_KEY_UISupportedInterfaceOrientations_iPad = "UIInterfaceOrientationPortrait UIInterfaceOrientationPortraitUpsideDown UIInterfaceOrientationLandscapeLeft UIInterfaceOrientationLandscapeRight";
				INFOPLIST_KEY_UISupportedInterfaceOrientations_iPhone = "UIInterfaceOrientationPortrait UIInterfaceOrientationLandscapeLeft UIInterfaceOrientationLandscapeRight";
				LD_RUNPATH_SEARCH_PATHS = (
					"$(inherited)",
					"@executable_path/Frameworks",
				);
				MARKETING_VERSION = 1.0;
				PRODUCT_BUNDLE_IDENTIFIER = Aiswarya.Xylaphone;
				PRODUCT_NAME = "$(TARGET_NAME)";
				SWIFT_EMIT_LOC_STRINGS = YES;
				SWIFT_VERSION = 5.0;
				TARGETED_DEVICE_FAMILY = "1,2";
			};
			name = Release;
		};
/* End XCBuildConfiguration section */

/* Begin XCConfigurationList section */
		19C95195291B6DDA006FF21C /* Build configuration list for PBXProject "Xylaphone" */ = {
			isa = XCConfigurationList;
			buildConfigurations = (
				19C951AC291B6DDC006FF21C /* Debug */,
				19C951AD291B6DDC006FF21C /* Release */,
			);
			defaultConfigurationIsVisible = 0;
			defaultConfigurationName = Release;
		};
		19C951AE291B6DDC006FF21C /* Build configuration list for PBXNativeTarget "Xylaphone" */ = {
			isa = XCConfigurationList;
			buildConfigurations = (
				19C951AF291B6DDC006FF21C /* Debug */,
				19C951B0291B6DDC006FF21C /* Release */,
			);
			defaultConfigurationIsVisible = 0;
			defaultConfigurationName = Release;
		};
/* End XCConfigurationList section */
	};
	rootObject = 19C95192291B6DDA006FF21C /* Project object */;
}
